
Microsoft Visual Studio Solution File, Format Version 12.00
# Visual Studio Version 16
VisualStudioVersion = 16.0.29020.237
MinimumVisualStudioVersion = 10.0.40219.1
Project("{2150E333-8FDC-42A3-9474-1A3956D46DE8}") = "DAL", "DAL", "{FC57312C-D7D3-41F4-B818-152AD65463F6}"
EndProject
Project("{FAE04EC0-301F-11D3-BF4B-00C04F79EFBC}") = "DAL", "DAL\DAL.csproj", "{FE9835E7-8455-4A72-84C7-B71198442AD0}"
EndProject
Project("{FAE04EC0-301F-11D3-BF4B-00C04F79EFBC}") = "DAL.Interface", "DAL.Interface\DAL.Interface.csproj", "{603EB288-D305-47BC-952A-319B78C3140D}"
EndProject
Project("{2150E333-8FDC-42A3-9474-1A3956D46DE8}") = "Entities", "Entities", "{29A8EADF-9350-4831-A21C-1FD84FD09F9C}"
EndProject
Project("{FAE04EC0-301F-11D3-BF4B-00C04F79EFBC}") = "Entities", "Entities\Entities.csproj", "{48B8D789-0B3D-405B-835F-8318AD3F7D61}"
EndProject
Project("{2150E333-8FDC-42A3-9474-1A3956D46DE8}") = "BL", "BL", "{105E480C-07A4-439C-98AE-733A76185AA1}"
EndProject
Project("{2150E333-8FDC-42A3-9474-1A3956D46DE8}") = "PL", "PL", "{14749059-3683-4E3F-8AD0-8921178DC0AF}"
EndProject
Project("{FAE04EC0-301F-11D3-BF4B-00C04F79EFBC}") = "ConsoleApp", "ConsoleApp\ConsoleApp.csproj", "{B603A355-A6FC-446E-B96B-3E53CD4C4B3A}"
EndProject
Project("{FAE04EC0-301F-11D3-BF4B-00C04F79EFBC}") = "BL.Interface", "BL.Interface\BL.Interface.csproj", "{B8CD53A1-083D-4BD8-8BBB-6722CBCBA942}"
EndProject
Project("{FAE04EC0-301F-11D3-BF4B-00C04F79EFBC}") = "BL", "BL\BL.csproj", "{F67EBC69-D887-4AF3-BBEE-71C9771DCC0F}"
EndProject
Global
	GlobalSection(SolutionConfigurationPlatforms) = preSolution
		Debug|Any CPU = Debug|Any CPU
		Release|Any CPU = Release|Any CPU
	EndGlobalSection
	GlobalSection(ProjectConfigurationPlatforms) = postSolution
		{FE9835E7-8455-4A72-84C7-B71198442AD0}.Debug|Any CPU.ActiveCfg = Debug|Any CPU
		{FE9835E7-8455-4A72-84C7-B71198442AD0}.Debug|Any CPU.Build.0 = Debug|Any CPU
		{FE9835E7-8455-4A72-84C7-B71198442AD0}.Release|Any CPU.ActiveCfg = Release|Any CPU
		{FE9835E7-8455-4A72-84C7-B71198442AD0}.Release|Any CPU.Build.0 = Release|Any CPU
		{603EB288-D305-47BC-952A-319B78C3140D}.Debug|Any CPU.ActiveCfg = Debug|Any CPU
		{603EB288-D305-47BC-952A-319B78C3140D}.Debug|Any CPU.Build.0 = Debug|Any CPU
		{603EB288-D305-47BC-952A-319B78C3140D}.Release|Any CPU.ActiveCfg = Release|Any CPU
		{603EB288-D305-47BC-952A-319B78C3140D}.Release|Any CPU.Build.0 = Release|Any CPU
		{48B8D789-0B3D-405B-835F-8318AD3F7D61}.Debug|Any CPU.ActiveCfg = Debug|Any CPU
		{48B8D789-0B3D-405B-835F-8318AD3F7D61}.Debug|Any CPU.Build.0 = Debug|Any CPU
		{48B8D789-0B3D-405B-835F-8318AD3F7D61}.Release|Any CPU.ActiveCfg = Release|Any CPU
		{48B8D789-0B3D-405B-835F-8318AD3F7D61}.Release|Any CPU.Build.0 = Release|Any CPU
		{B603A355-A6FC-446E-B96B-3E53CD4C4B3A}.Debug|Any CPU.ActiveCfg = Debug|Any CPU
		{B603A355-A6FC-446E-B96B-3E53CD4C4B3A}.Debug|Any CPU.Build.0 = Debug|Any CPU
		{B603A355-A6FC-446E-B96B-3E53CD4C4B3A}.Release|Any CPU.ActiveCfg = Release|Any CPU
		{B603A355-A6FC-446E-B96B-3E53CD4C4B3A}.Release|Any CPU.Build.0 = Release|Any CPU
		{B8CD53A1-083D-4BD8-8BBB-6722CBCBA942}.Debug|Any CPU.ActiveCfg = Debug|Any CPU
		{B8CD53A1-083D-4BD8-8BBB-6722CBCBA942}.Debug|Any CPU.Build.0 = Debug|Any CPU
		{B8CD53A1-083D-4BD8-8BBB-6722CBCBA942}.Release|Any CPU.ActiveCfg = Release|Any CPU
		{B8CD53A1-083D-4BD8-8BBB-6722CBCBA942}.Release|Any CPU.Build.0 = Release|Any CPU
		{F67EBC69-D887-4AF3-BBEE-71C9771DCC0F}.Debug|Any CPU.ActiveCfg = Debug|Any CPU
		{F67EBC69-D887-4AF3-BBEE-71C9771DCC0F}.Debug|Any CPU.Build.0 = Debug|Any CPU
		{F67EBC69-D887-4AF3-BBEE-71C9771DCC0F}.Release|Any CPU.ActiveCfg = Release|Any CPU
		{F67EBC69-D887-4AF3-BBEE-71C9771DCC0F}.Release|Any CPU.Build.0 = Release|Any CPU
	EndGlobalSection
	GlobalSection(SolutionProperties) = preSolution
		HideSolutionNode = FALSE
	EndGlobalSection
	GlobalSection(NestedProjects) = preSolution
		{FE9835E7-8455-4A72-84C7-B71198442AD0} = {FC57312C-D7D3-41F4-B818-152AD65463F6}
		{603EB288-D305-47BC-952A-319B78C3140D} = {FC57312C-D7D3-41F4-B818-152AD65463F6}
		{48B8D789-0B3D-405B-835F-8318AD3F7D61} = {29A8EADF-9350-4831-A21C-1FD84FD09F9C}
		{B603A355-A6FC-446E-B96B-3E53CD4C4B3A} = {14749059-3683-4E3F-8AD0-8921178DC0AF}
		{B8CD53A1-083D-4BD8-8BBB-6722CBCBA942} = {105E480C-07A4-439C-98AE-733A76185AA1}
		{F67EBC69-D887-4AF3-BBEE-71C9771DCC0F} = {105E480C-07A4-439C-98AE-733A76185AA1}
	EndGlobalSection
	GlobalSection(ExtensibilityGlobals) = postSolution
		SolutionGuid = {6A1B1957-4AEA-4524-9070-1865F51EAED0}
	EndGlobalSection
EndGlobal
